
Microsoft Visual Studio Solution File, Format Version 12.00
# Visual Studio 15
VisualStudioVersion = 15.0.28307.271
MinimumVisualStudioVersion = 10.0.40219.1
Project("{FAE04EC0-301F-11D3-BF4B-00C04F79EFBC}") = "MyTest.Console", "MyTest.Console\MyTest.Console.csproj", "{34F3BBDA-FB36-4182-AA5B-092F77998999}"
EndProject
Project("{2150E333-8FDC-42A3-9474-1A3956D46DE8}") = "Libraries", "Libraries", "{D686BAE4-15AE-4419-8D95-C118DD17A9BE}"
EndProject
Project("{FAE04EC0-301F-11D3-BF4B-00C04F79EFBC}") = "Calculator.Core", "Calculator.Core\Calculator.Core.csproj", "{6B30921E-DCD9-4D3D-99FD-F6286DF1DAA6}"
EndProject
Project("{FAE04EC0-301F-11D3-BF4B-00C04F79EFBC}") = "Calculator.Test", "Calculator.Test\Calculator.Test.csproj", "{DA0D9739-85AC-4A3E-A3F4-71EE142375A3}"
EndProject
Global
	GlobalSection(SolutionConfigurationPlatforms) = preSolution
		Debug|Any CPU = Debug|Any CPU
		Release|Any CPU = Release|Any CPU
	EndGlobalSection
	GlobalSection(ProjectConfigurationPlatforms) = postSolution
		{34F3BBDA-FB36-4182-AA5B-092F77998999}.Debug|Any CPU.ActiveCfg = Debug|Any CPU
		{34F3BBDA-FB36-4182-AA5B-092F77998999}.Debug|Any CPU.Build.0 = Debug|Any CPU
		{34F3BBDA-FB36-4182-AA5B-092F77998999}.Release|Any CPU.ActiveCfg = Release|Any CPU
		{34F3BBDA-FB36-4182-AA5B-092F77998999}.Release|Any CPU.Build.0 = Release|Any CPU
		{6B30921E-DCD9-4D3D-99FD-F6286DF1DAA6}.Debug|Any CPU.ActiveCfg = Debug|Any CPU
		{6B30921E-DCD9-4D3D-99FD-F6286DF1DAA6}.Debug|Any CPU.Build.0 = Debug|Any CPU
		{6B30921E-DCD9-4D3D-99FD-F6286DF1DAA6}.Release|Any CPU.ActiveCfg = Release|Any CPU
		{6B30921E-DCD9-4D3D-99FD-F6286DF1DAA6}.Release|Any CPU.Build.0 = Release|Any CPU
		{DA0D9739-85AC-4A3E-A3F4-71EE142375A3}.Debug|Any CPU.ActiveCfg = Debug|Any CPU
		{DA0D9739-85AC-4A3E-A3F4-71EE142375A3}.Debug|Any CPU.Build.0 = Debug|Any CPU
		{DA0D9739-85AC-4A3E-A3F4-71EE142375A3}.Release|Any CPU.ActiveCfg = Release|Any CPU
		{DA0D9739-85AC-4A3E-A3F4-71EE142375A3}.Release|Any CPU.Build.0 = Release|Any CPU
	EndGlobalSection
	GlobalSection(SolutionProperties) = preSolution
		HideSolutionNode = FALSE
	EndGlobalSection
	GlobalSection(NestedProjects) = preSolution
		{6B30921E-DCD9-4D3D-99FD-F6286DF1DAA6} = {D686BAE4-15AE-4419-8D95-C118DD17A9BE}
	EndGlobalSection
	GlobalSection(ExtensibilityGlobals) = postSolution
		SolutionGuid = {CA977071-C27A-4343-895F-9F32206B8126}
	EndGlobalSection
EndGlobal
